
Microsoft Visual Studio Solution File, Format Version 12.00
# Visual Studio 15
VisualStudioVersion = 15.0.27130.2010
MinimumVisualStudioVersion = 10.0.40219.1
Project("{FAE04EC0-301F-11D3-BF4B-00C04F79EFBC}") = "NoteBook", "NoteBook\NoteBook.csproj", "{FA724BA6-3A03-477E-8349-7D91B98FE7F5}"
EndProject
Project("{FAE04EC0-301F-11D3-BF4B-00C04F79EFBC}") = "View", "View\View.csproj", "{A5D261DC-8FD7-4F63-9BD6-1EE29ADB9F67}"
EndProject
Project("{FAE04EC0-301F-11D3-BF4B-00C04F79EFBC}") = "Model", "Model\Model.csproj", "{65528118-E723-42F4-A48A-D8C15D7C7A90}"
EndProject
Project("{FAE04EC0-301F-11D3-BF4B-00C04F79EFBC}") = "Common", "Common\Common.csproj", "{92BC1290-0ABF-4672-9285-1C9BEBAEB45D}"
EndProject
Project("{2150E333-8FDC-42A3-9474-1A3956D46DE8}") = "Скрипты", "Скрипты", "{7381E30D-2F6C-46A3-B0C6-5D7C2CC76490}"
	ProjectSection(SolutionItems) = preProject
		..\..\..\..\..\..\tmp\CreateTables.sql = ..\..\..\..\..\..\tmp\CreateTables.sql
		..\..\..\..\..\..\tmp\TestContent.sql = ..\..\..\..\..\..\tmp\TestContent.sql
	EndProjectSection
EndProject
Global
	GlobalSection(SolutionConfigurationPlatforms) = preSolution
		Debug|Any CPU = Debug|Any CPU
		Debug|ARM = Debug|ARM
		Debug|x64 = Debug|x64
		Debug|x86 = Debug|x86
		Release|Any CPU = Release|Any CPU
		Release|ARM = Release|ARM
		Release|x64 = Release|x64
		Release|x86 = Release|x86
	EndGlobalSection
	GlobalSection(ProjectConfigurationPlatforms) = postSolution
		{FA724BA6-3A03-477E-8349-7D91B98FE7F5}.Debug|Any CPU.ActiveCfg = Debug|Any CPU
		{FA724BA6-3A03-477E-8349-7D91B98FE7F5}.Debug|Any CPU.Build.0 = Debug|Any CPU
		{FA724BA6-3A03-477E-8349-7D91B98FE7F5}.Debug|ARM.ActiveCfg = Debug|Any CPU
		{FA724BA6-3A03-477E-8349-7D91B98FE7F5}.Debug|ARM.Build.0 = Debug|Any CPU
		{FA724BA6-3A03-477E-8349-7D91B98FE7F5}.Debug|x64.ActiveCfg = Debug|Any CPU
		{FA724BA6-3A03-477E-8349-7D91B98FE7F5}.Debug|x64.Build.0 = Debug|Any CPU
		{FA724BA6-3A03-477E-8349-7D91B98FE7F5}.Debug|x86.ActiveCfg = Debug|Any CPU
		{FA724BA6-3A03-477E-8349-7D91B98FE7F5}.Debug|x86.Build.0 = Debug|Any CPU
		{FA724BA6-3A03-477E-8349-7D91B98FE7F5}.Release|Any CPU.ActiveCfg = Debug|Any CPU
		{FA724BA6-3A03-477E-8349-7D91B98FE7F5}.Release|Any CPU.Build.0 = Debug|Any CPU
		{FA724BA6-3A03-477E-8349-7D91B98FE7F5}.Release|ARM.ActiveCfg = Debug|Any CPU
		{FA724BA6-3A03-477E-8349-7D91B98FE7F5}.Release|ARM.Build.0 = Debug|Any CPU
		{FA724BA6-3A03-477E-8349-7D91B98FE7F5}.Release|x64.ActiveCfg = Debug|Any CPU
		{FA724BA6-3A03-477E-8349-7D91B98FE7F5}.Release|x64.Build.0 = Debug|Any CPU
		{FA724BA6-3A03-477E-8349-7D91B98FE7F5}.Release|x86.ActiveCfg = Debug|Any CPU
		{FA724BA6-3A03-477E-8349-7D91B98FE7F5}.Release|x86.Build.0 = Debug|Any CPU
		{A5D261DC-8FD7-4F63-9BD6-1EE29ADB9F67}.Debug|Any CPU.ActiveCfg = Debug|Any CPU
		{A5D261DC-8FD7-4F63-9BD6-1EE29ADB9F67}.Debug|Any CPU.Build.0 = Debug|Any CPU
		{A5D261DC-8FD7-4F63-9BD6-1EE29ADB9F67}.Debug|ARM.ActiveCfg = Debug|Any CPU
		{A5D261DC-8FD7-4F63-9BD6-1EE29ADB9F67}.Debug|ARM.Build.0 = Debug|Any CPU
		{A5D261DC-8FD7-4F63-9BD6-1EE29ADB9F67}.Debug|x64.ActiveCfg = Debug|Any CPU
		{A5D261DC-8FD7-4F63-9BD6-1EE29ADB9F67}.Debug|x64.Build.0 = Debug|Any CPU
		{A5D261DC-8FD7-4F63-9BD6-1EE29ADB9F67}.Debug|x86.ActiveCfg = Debug|Any CPU
		{A5D261DC-8FD7-4F63-9BD6-1EE29ADB9F67}.Debug|x86.Build.0 = Debug|Any CPU
		{A5D261DC-8FD7-4F63-9BD6-1EE29ADB9F67}.Release|Any CPU.ActiveCfg = Debug|Any CPU
		{A5D261DC-8FD7-4F63-9BD6-1EE29ADB9F67}.Release|Any CPU.Build.0 = Debug|Any CPU
		{A5D261DC-8FD7-4F63-9BD6-1EE29ADB9F67}.Release|ARM.ActiveCfg = Debug|Any CPU
		{A5D261DC-8FD7-4F63-9BD6-1EE29ADB9F67}.Release|ARM.Build.0 = Debug|Any CPU
		{A5D261DC-8FD7-4F63-9BD6-1EE29ADB9F67}.Release|x64.ActiveCfg = Debug|Any CPU
		{A5D261DC-8FD7-4F63-9BD6-1EE29ADB9F67}.Release|x64.Build.0 = Debug|Any CPU
		{A5D261DC-8FD7-4F63-9BD6-1EE29ADB9F67}.Release|x86.ActiveCfg = Debug|Any CPU
		{A5D261DC-8FD7-4F63-9BD6-1EE29ADB9F67}.Release|x86.Build.0 = Debug|Any CPU
		{65528118-E723-42F4-A48A-D8C15D7C7A90}.Debug|Any CPU.ActiveCfg = Debug|Any CPU
		{65528118-E723-42F4-A48A-D8C15D7C7A90}.Debug|Any CPU.Build.0 = Debug|Any CPU
		{65528118-E723-42F4-A48A-D8C15D7C7A90}.Debug|ARM.ActiveCfg = Debug|Any CPU
		{65528118-E723-42F4-A48A-D8C15D7C7A90}.Debug|ARM.Build.0 = Debug|Any CPU
		{65528118-E723-42F4-A48A-D8C15D7C7A90}.Debug|x64.ActiveCfg = Debug|Any CPU
		{65528118-E723-42F4-A48A-D8C15D7C7A90}.Debug|x64.Build.0 = Debug|Any CPU
		{65528118-E723-42F4-A48A-D8C15D7C7A90}.Debug|x86.ActiveCfg = Debug|Any CPU
		{65528118-E723-42F4-A48A-D8C15D7C7A90}.Debug|x86.Build.0 = Debug|Any CPU
		{65528118-E723-42F4-A48A-D8C15D7C7A90}.Release|Any CPU.ActiveCfg = Debug|Any CPU
		{65528118-E723-42F4-A48A-D8C15D7C7A90}.Release|Any CPU.Build.0 = Debug|Any CPU
		{65528118-E723-42F4-A48A-D8C15D7C7A90}.Release|ARM.ActiveCfg = Debug|Any CPU
		{65528118-E723-42F4-A48A-D8C15D7C7A90}.Release|ARM.Build.0 = Debug|Any CPU
		{65528118-E723-42F4-A48A-D8C15D7C7A90}.Release|x64.ActiveCfg = Debug|Any CPU
		{65528118-E723-42F4-A48A-D8C15D7C7A90}.Release|x64.Build.0 = Debug|Any CPU
		{65528118-E723-42F4-A48A-D8C15D7C7A90}.Release|x86.ActiveCfg = Debug|Any CPU
		{65528118-E723-42F4-A48A-D8C15D7C7A90}.Release|x86.Build.0 = Debug|Any CPU
		{92BC1290-0ABF-4672-9285-1C9BEBAEB45D}.Debug|Any CPU.ActiveCfg = Debug|Any CPU
		{92BC1290-0ABF-4672-9285-1C9BEBAEB45D}.Debug|Any CPU.Build.0 = Debug|Any CPU
		{92BC1290-0ABF-4672-9285-1C9BEBAEB45D}.Debug|ARM.ActiveCfg = Debug|Any CPU
		{92BC1290-0ABF-4672-9285-1C9BEBAEB45D}.Debug|ARM.Build.0 = Debug|Any CPU
		{92BC1290-0ABF-4672-9285-1C9BEBAEB45D}.Debug|x64.ActiveCfg = Debug|Any CPU
		{92BC1290-0ABF-4672-9285-1C9BEBAEB45D}.Debug|x64.Build.0 = Debug|Any CPU
		{92BC1290-0ABF-4672-9285-1C9BEBAEB45D}.Debug|x86.ActiveCfg = Debug|Any CPU
		{92BC1290-0ABF-4672-9285-1C9BEBAEB45D}.Debug|x86.Build.0 = Debug|Any CPU
		{92BC1290-0ABF-4672-9285-1C9BEBAEB45D}.Release|Any CPU.ActiveCfg = Debug|Any CPU
		{92BC1290-0ABF-4672-9285-1C9BEBAEB45D}.Release|Any CPU.Build.0 = Debug|Any CPU
		{92BC1290-0ABF-4672-9285-1C9BEBAEB45D}.Release|ARM.ActiveCfg = Debug|Any CPU
		{92BC1290-0ABF-4672-9285-1C9BEBAEB45D}.Release|ARM.Build.0 = Debug|Any CPU
		{92BC1290-0ABF-4672-9285-1C9BEBAEB45D}.Release|x64.ActiveCfg = Debug|Any CPU
		{92BC1290-0ABF-4672-9285-1C9BEBAEB45D}.Release|x64.Build.0 = Debug|Any CPU
		{92BC1290-0ABF-4672-9285-1C9BEBAEB45D}.Release|x86.ActiveCfg = Debug|Any CPU
		{92BC1290-0ABF-4672-9285-1C9BEBAEB45D}.Release|x86.Build.0 = Debug|Any CPU
	EndGlobalSection
	GlobalSection(SolutionProperties) = preSolution
		HideSolutionNode = FALSE
	EndGlobalSection
	GlobalSection(ExtensibilityGlobals) = postSolution
		SolutionGuid = {EC2395F8-0AE3-4317-ADC7-7C0FA8CECFB6}
	EndGlobalSection
EndGlobal
